
Microsoft Visual Studio Solution File, Format Version 12.00
# Visual Studio 15
VisualStudioVersion = 15.0.28307.645
MinimumVisualStudioVersion = 10.0.40219.1
Project("{6989167D-11E4-40FE-8C1A-2192A86A7E90}") = "electromagnetics", "electromagnetics.vfproj", "{6D37747A-2969-490D-9733-BF20FF8E488A}"
EndProject
Global
	GlobalSection(SolutionConfigurationPlatforms) = preSolution
		Debug|x64 = Debug|x64
		Debug|x86 = Debug|x86
		Release|x64 = Release|x64
		Release|x86 = Release|x86
	EndGlobalSection
	GlobalSection(ProjectConfigurationPlatforms) = postSolution
		{6D37747A-2969-490D-9733-BF20FF8E488A}.Debug|x64.ActiveCfg = Debug|x64
		{6D37747A-2969-490D-9733-BF20FF8E488A}.Debug|x64.Build.0 = Debug|x64
		{6D37747A-2969-490D-9733-BF20FF8E488A}.Debug|x86.ActiveCfg = Debug|x64
		{6D37747A-2969-490D-9733-BF20FF8E488A}.Debug|x86.Build.0 = Debug|x64
		{6D37747A-2969-490D-9733-BF20FF8E488A}.Release|x64.ActiveCfg = Release|x64
		{6D37747A-2969-490D-9733-BF20FF8E488A}.Release|x64.Build.0 = Release|x64
		{6D37747A-2969-490D-9733-BF20FF8E488A}.Release|x86.ActiveCfg = Release|Win32
		{6D37747A-2969-490D-9733-BF20FF8E488A}.Release|x86.Build.0 = Release|Win32
	EndGlobalSection
	GlobalSection(SolutionProperties) = preSolution
		HideSolutionNode = FALSE
	EndGlobalSection
	GlobalSection(ExtensibilityGlobals) = postSolution
		SolutionGuid = {6D226CA8-D385-44EC-AF83-8DF461DBBC30}
	EndGlobalSection
EndGlobal
