
Microsoft Visual Studio Solution File, Format Version 12.00
# Visual Studio 15
VisualStudioVersion = 15.0.28307.645
MinimumVisualStudioVersion = 10.0.40219.1
Project("{8BC9CEB8-8B4A-11D0-8D11-00A0C91BC942}") = "electromagnetics", "electromagnetics\electromagnetics.vcxproj", "{0AB3E428-1E57-4CE8-B145-A7B660F296EA}"
EndProject
Global
	GlobalSection(SolutionConfigurationPlatforms) = preSolution
		Debug|x64 = Debug|x64
		Debug|x86 = Debug|x86
		Release|x64 = Release|x64
		Release|x86 = Release|x86
	EndGlobalSection
	GlobalSection(ProjectConfigurationPlatforms) = postSolution
		{0AB3E428-1E57-4CE8-B145-A7B660F296EA}.Debug|x64.ActiveCfg = Debug|x64
		{0AB3E428-1E57-4CE8-B145-A7B660F296EA}.Debug|x64.Build.0 = Debug|x64
		{0AB3E428-1E57-4CE8-B145-A7B660F296EA}.Debug|x86.ActiveCfg = Debug|Win32
		{0AB3E428-1E57-4CE8-B145-A7B660F296EA}.Debug|x86.Build.0 = Debug|Win32
		{0AB3E428-1E57-4CE8-B145-A7B660F296EA}.Release|x64.ActiveCfg = Release|x64
		{0AB3E428-1E57-4CE8-B145-A7B660F296EA}.Release|x64.Build.0 = Release|x64
		{0AB3E428-1E57-4CE8-B145-A7B660F296EA}.Release|x86.ActiveCfg = Release|Win32
		{0AB3E428-1E57-4CE8-B145-A7B660F296EA}.Release|x86.Build.0 = Release|Win32
	EndGlobalSection
	GlobalSection(SolutionProperties) = preSolution
		HideSolutionNode = FALSE
	EndGlobalSection
	GlobalSection(ExtensibilityGlobals) = postSolution
		SolutionGuid = {7E2DCC39-C680-42D9-AEEB-638DF1B3F136}
	EndGlobalSection
EndGlobal
